
Microsoft Visual Studio Solution File, Format Version 12.00
# Visual Studio Version 16
VisualStudioVersion = 16.0.32802.440
MinimumVisualStudioVersion = 10.0.40219.1
Project("{FAE04EC0-301F-11D3-BF4B-00C04F79EFBC}") = "ConceptPOO", "ConceptPOO\ConceptPOO.csproj", "{2BB286CA-5C88-4F0B-AF49-F2BB0B882F73}"
EndProject
Global
	GlobalSection(SolutionConfigurationPlatforms) = preSolution
		Debug|Any CPU = Debug|Any CPU
		Release|Any CPU = Release|Any CPU
	EndGlobalSection
	GlobalSection(ProjectConfigurationPlatforms) = postSolution
		{2BB286CA-5C88-4F0B-AF49-F2BB0B882F73}.Debug|Any CPU.ActiveCfg = Debug|Any CPU
		{2BB286CA-5C88-4F0B-AF49-F2BB0B882F73}.Debug|Any CPU.Build.0 = Debug|Any CPU
		{2BB286CA-5C88-4F0B-AF49-F2BB0B882F73}.Release|Any CPU.ActiveCfg = Release|Any CPU
		{2BB286CA-5C88-4F0B-AF49-F2BB0B882F73}.Release|Any CPU.Build.0 = Release|Any CPU
	EndGlobalSection
	GlobalSection(SolutionProperties) = preSolution
		HideSolutionNode = FALSE
	EndGlobalSection
	GlobalSection(ExtensibilityGlobals) = postSolution
		SolutionGuid = {82C018D3-83B6-43C9-9DA1-DF29CF7DD45A}
	EndGlobalSection
EndGlobal
